<?xml version="1.0" encoding="UTF-8"?>
<!DOCTYPE plist PUBLIC "-//Apple//DTD PLIST 1.0//EN" "http://www.apple.com/DTDs/PropertyList-1.0.dtd">
<plist version="1.0">
<dict>
	<key>archiveVersion</key>
	<string>1</string>
	<key>classes</key>
	<dict/>
	<key>objectVersion</key>
	<string>46</string>
	<key>objects</key>
	<dict>
		<key>02B766B554214E70A0CDE032</key>
		<dict>
			<key>fileRef</key>
			<string>82EB266497344F0CB6D037B3</string>
			<key>isa</key>
			<string>PBXBuildFile</string>
		</dict>
		<key>116C81F1192EA73E0001FC16</key>
		<dict>
			<key>isa</key>
			<string>PBXFileReference</string>
			<key>lastKnownFileType</key>
			<string>wrapper.framework</string>
			<key>name</key>
			<string>UIKit.framework</string>
			<key>path</key>
			<string>System/Library/Frameworks/UIKit.framework</string>
			<key>sourceTree</key>
			<string>SDKROOT</string>
		</dict>
		<key>116C81F2192EA73E0001FC16</key>
		<dict>
			<key>fileRef</key>
			<string>116C81F1192EA73E0001FC16</string>
			<key>isa</key>
			<string>PBXBuildFile</string>
		</dict>
		<key>116C81F3192EA78F0001FC16</key>
		<dict>
			<key>isa</key>
			<string>PBXFileReference</string>
			<key>lastKnownFileType</key>
			<string>wrapper.framework</string>
			<key>name</key>
			<string>GameController.framework</string>
			<key>path</key>
			<string>System/Library/Frameworks/GameController.framework</string>
			<key>sourceTree</key>
			<string>SDKROOT</string>
		</dict>
		<key>116C81F4192EA78F0001FC16</key>
		<dict>
			<key>fileRef</key>
			<string>116C81F3192EA78F0001FC16</string>
			<key>isa</key>
			<string>PBXBuildFile</string>
		</dict>
		<key>116C81F5192EA7980001FC16</key>
		<dict>
			<key>isa</key>
			<string>PBXFileReference</string>
			<key>lastKnownFileType</key>
			<string>wrapper.framework</string>
			<key>name</key>
			<string>CoreMotion.framework</string>
			<key>path</key>
			<string>System/Library/Frameworks/CoreMotion.framework</string>
			<key>sourceTree</key>
			<string>SDKROOT</string>
		</dict>
		<key>116C81F6192EA7980001FC16</key>
		<dict>
			<key>fileRef</key>
			<string>116C81F5192EA7980001FC16</string>
			<key>isa</key>
			<string>PBXBuildFile</string>
		</dict>
		<key>116C81F7192EA8E80001FC16</key>
		<dict>
			<key>isa</key>
			<string>PBXFileReference</string>
			<key>lastKnownFileType</key>
			<string>wrapper.framework</string>
			<key>name</key>
			<string>SceneKit.framework</string>
			<key>path</key>
			<string>System/Library/Frameworks/SceneKit.framework</string>
			<key>sourceTree</key>
			<string>SDKROOT</string>
		</dict>
		<key>116C81F8192EA8E80001FC16</key>
		<dict>
			<key>fileRef</key>
			<string>116C81F7192EA8E80001FC16</string>
			<key>isa</key>
			<string>PBXBuildFile</string>
		</dict>
		<key>116C81F9192EA8EF0001FC16</key>
		<dict>
			<key>isa</key>
			<string>PBXFileReference</string>
			<key>lastKnownFileType</key>
			<string>wrapper.framework</string>
			<key>name</key>
			<string>SpriteKit.framework</string>
			<key>path</key>
			<string>System/Library/Frameworks/SpriteKit.framework</string>
			<key>sourceTree</key>
			<string>SDKROOT</string>
		</dict>
		<key>116C81FA192EA8EF0001FC16</key>
		<dict>
			<key>fileRef</key>
			<string>116C81F9192EA8EF0001FC16</string>
			<key>isa</key>
			<string>PBXBuildFile</string>
		</dict>
		<key>116C81FB192EAD9E0001FC16</key>
		<dict>
			<key>children</key>
			<array>
				<string>116C81F9192EA8EF0001FC16</string>
				<string>116C81F7192EA8E80001FC16</string>
				<string>116C81F5192EA7980001FC16</string>
				<string>116C81F3192EA78F0001FC16</string>
				<string>116C81F1192EA73E0001FC16</string>
				<string>94DD4B3535C64F03866AC1D4</string>
				<string>615B563BD17F4918934BADFB</string>
				<string>15A1C955D5C341F68FC0E12E</string>
				<string>C14DB9115C4A46758EC2BB07</string>
				<string>584038A27C7C4E46A68C9658</string>
				<string>2D2FC9E02DC741019290FECE</string>
				<string>71A502F9D0534F3F9A403947</string>
				<string>82EB266497344F0CB6D037B3</string>
				<string>337285BF5D8E44A390806476</string>
				<string>940372EFDFB3435EB23A0F93</string>
			</array>
			<key>isa</key>
			<string>PBXGroup</string>
			<key>name</key>
			<string>Frameworks</string>
			<key>sourceTree</key>
			<string>&lt;group&gt;</string>
		</dict>
		<key>15A1C955D5C341F68FC0E12E</key>
		<dict>
			<key>isa</key>
			<string>PBXFileReference</string>
			<key>lastKnownFileType</key>
			<string>wrapper.framework</string>
			<key>name</key>
			<string>CoreGraphics.framework</string>
			<key>path</key>
			<string>System/Library/Frameworks/CoreGraphics.framework</string>
			<key>sourceTree</key>
			<string>SDKROOT</string>
		</dict>
		<key>2580C7875B8F401BBA1DF502</key>
		<dict>
			<key>fileRef</key>
			<string>940372EFDFB3435EB23A0F93</string>
			<key>isa</key>
			<string>PBXBuildFile</string>
		</dict>
		<key>2D2FC9E02DC741019290FECE</key>
		<dict>
			<key>includeInIndex</key>
			<string>1</string>
			<key>isa</key>
			<string>PBXFileReference</string>
			<key>lastKnownFileType</key>
			<string>archive.ar</string>
			<key>name</key>
			<string>libCIMLuaBindingSceneKit.a</string>
			<key>path</key>
			<string>/Users/jean-luc/Library/Application Support/com.celedev.CodeFlow/iphoneos/iOS-8.0-SDK.luabindings/BindingLibs/libCIMLuaBindingSceneKit.a</string>
			<key>sourceTree</key>
			<string>&lt;absolute&gt;</string>
		</dict>
		<key>337285BF5D8E44A390806476</key>
		<dict>
			<key>includeInIndex</key>
			<string>1</string>
			<key>isa</key>
			<string>PBXFileReference</string>
			<key>lastKnownFileType</key>
			<string>archive.ar</string>
			<key>name</key>
			<string>libCIMLuaBindingSpriteKit.a</string>
			<key>path</key>
			<string>/Users/jean-luc/Library/Application Support/com.celedev.CodeFlow/iphoneos/iOS-8.0-SDK.luabindings/BindingLibs/libCIMLuaBindingSpriteKit.a</string>
			<key>sourceTree</key>
			<string>&lt;absolute&gt;</string>
		</dict>
		<key>53ACCFF1E3FB42DDAB5FD890</key>
		<dict>
			<key>fileRef</key>
			<string>94DD4B3535C64F03866AC1D4</string>
			<key>isa</key>
			<string>PBXBuildFile</string>
		</dict>
		<key>584038A27C7C4E46A68C9658</key>
		<dict>
			<key>includeInIndex</key>
			<string>1</string>
			<key>isa</key>
			<string>PBXFileReference</string>
			<key>lastKnownFileType</key>
			<string>archive.ar</string>
			<key>name</key>
			<string>libCIMLuaDebugServerIOS.a</string>
			<key>path</key>
			<string>/Users/jean-luc/Library/Application Support/com.celedev.CodeFlow/iphoneos/libCIMLuaDebugServerIOS.a</string>
			<key>sourceTree</key>
			<string>&lt;absolute&gt;</string>
		</dict>
		<key>615B563BD17F4918934BADFB</key>
		<dict>
			<key>isa</key>
			<string>PBXFileReference</string>
			<key>lastKnownFileType</key>
			<string>wrapper.framework</string>
			<key>name</key>
			<string>Foundation.framework</string>
			<key>path</key>
			<string>System/Library/Frameworks/Foundation.framework</string>
			<key>sourceTree</key>
			<string>SDKROOT</string>
		</dict>
		<key>71A502F9D0534F3F9A403947</key>
		<dict>
			<key>includeInIndex</key>
			<string>1</string>
			<key>isa</key>
			<string>PBXFileReference</string>
			<key>lastKnownFileType</key>
			<string>archive.ar</string>
			<key>name</key>
			<string>libCIMLuaBindingUIKit.a</string>
			<key>path</key>
			<string>/Users/jean-luc/Library/Application Support/com.celedev.CodeFlow/iphoneos/iOS-8.0-SDK.luabindings/BindingLibs/libCIMLuaBindingUIKit.a</string>
			<key>sourceTree</key>
			<string>&lt;absolute&gt;</string>
		</dict>
		<key>82EB266497344F0CB6D037B3</key>
		<dict>
			<key>includeInIndex</key>
			<string>1</string>
			<key>isa</key>
			<string>PBXFileReference</string>
			<key>lastKnownFileType</key>
			<string>archive.ar</string>
			<key>name</key>
			<string>libCIMLuaBindingFoundation.a</string>
			<key>path</key>
			<string>/Users/jean-luc/Library/Application Support/com.celedev.CodeFlow/iphoneos/iOS-8.0-SDK.luabindings/BindingLibs/libCIMLuaBindingFoundation.a</string>
			<key>sourceTree</key>
			<string>&lt;absolute&gt;</string>
		</dict>
		<key>922AA0BD61BF47088A251CA6</key>
		<dict>
			<key>fileRef</key>
			<string>71A502F9D0534F3F9A403947</string>
			<key>isa</key>
			<string>PBXBuildFile</string>
		</dict>
		<key>940372EFDFB3435EB23A0F93</key>
		<dict>
			<key>includeInIndex</key>
			<string>1</string>
			<key>isa</key>
			<string>PBXFileReference</string>
			<key>lastKnownFileType</key>
			<string>archive.ar</string>
			<key>name</key>
			<string>libCIMLuaBindingCoreGraphics.a</string>
			<key>path</key>
			<string>/Users/jean-luc/Library/Application Support/com.celedev.CodeFlow/iphoneos/iOS-8.0-SDK.luabindings/BindingLibs/libCIMLuaBindingCoreGraphics.a</string>
			<key>sourceTree</key>
			<string>&lt;absolute&gt;</string>
		</dict>
		<key>944CD34C18F1CF1600F4DCDA</key>
		<dict>
			<key>fileEncoding</key>
			<string>4</string>
			<key>isa</key>
			<string>PBXFileReference</string>
			<key>lastKnownFileType</key>
			<string>sourcecode.c.h</string>
			<key>path</key>
			<string>AAPLGameView.h</string>
			<key>sourceTree</key>
			<string>&lt;group&gt;</string>
		</dict>
		<key>944CD34D18F1CF1600F4DCDA</key>
		<dict>
			<key>fileEncoding</key>
			<string>4</string>
			<key>isa</key>
			<string>PBXFileReference</string>
			<key>lastKnownFileType</key>
			<string>sourcecode.c.objc</string>
			<key>path</key>
			<string>AAPLGameView.m</string>
			<key>sourceTree</key>
			<string>&lt;group&gt;</string>
		</dict>
		<key>944CD34E18F1CF1600F4DCDA</key>
		<dict>
			<key>fileRef</key>
			<string>944CD34D18F1CF1600F4DCDA</string>
			<key>isa</key>
			<string>PBXBuildFile</string>
		</dict>
		<key>944CD35318F1D91500F4DCDA</key>
		<dict>
			<key>children</key>
			<array>
				<string>94A4854518F1FAB200775D5E</string>
				<string>94A4854618F1FAB200775D5E</string>
				<string>94A4854718F1FAB200775D5E</string>
				<string>94A4854818F1FAB200775D5E</string>
				<string>94A4854918F1FAB200775D5E</string>
				<string>94A4854A18F1FAB200775D5E</string>
				<string>94A4854B18F1FAB200775D5E</string>
				<string>94A4854C18F1FAB200775D5E</string>
				<string>94A4854D18F1FAB200775D5E</string>
				<string>94A4854E18F1FAB200775D5E</string>
				<string>94A4855218F1FAB200775D5E</string>
				<string>94A4855318F1FAB200775D5E</string>
				<string>9655E4E719265697006C3A3B</string>
				<string>94A4855418F1FAB200775D5E</string>
				<string>94A4855618F1FAB200775D5E</string>
				<string>94A4855718F1FAB200775D5E</string>
				<string>94A4855918F1FAB200775D5E</string>
				<string>94A4855A18F1FAB200775D5E</string>
				<string>94A4855B18F1FAB200775D5E</string>
				<string>94A4855C18F1FAB200775D5E</string>
				<string>94A4855D18F1FAB200775D5E</string>
				<string>94A4855E18F1FAB200775D5E</string>
				<string>94A4855F18F1FAB200775D5E</string>
				<string>94A4856018F1FAB200775D5E</string>
				<string>94A4856118F1FAB200775D5E</string>
				<string>94A4855818F1FAB200775D5E</string>
				<string>9CF4337A19354D75001A1D66</string>
				<string>9C765F10193561FE00C1D23C</string>
				<string>945AD79D18F1FB0800351CB5</string>
				<string>945AD79F18F1FB2500351CB5</string>
				<string>945AD7A018F1FB2500351CB5</string>
			</array>
			<key>isa</key>
			<string>PBXGroup</string>
			<key>name</key>
			<string>Resources</string>
			<key>path</key>
			<string>SceneKitVehicle/resources</string>
			<key>sourceTree</key>
			<string>&lt;group&gt;</string>
		</dict>
		<key>945AD79D18F1FB0800351CB5</key>
		<dict>
			<key>isa</key>
			<string>PBXFileReference</string>
			<key>lastKnownFileType</key>
			<string>file.scp</string>
			<key>path</key>
			<string>reactor.scnp</string>
			<key>sourceTree</key>
			<string>&lt;group&gt;</string>
		</dict>
		<key>945AD79E18F1FB0800351CB5</key>
		<dict>
			<key>fileRef</key>
			<string>945AD79D18F1FB0800351CB5</string>
			<key>isa</key>
			<string>PBXBuildFile</string>
		</dict>
		<key>945AD79F18F1FB2500351CB5</key>
		<dict>
			<key>isa</key>
			<string>PBXFileReference</string>
			<key>lastKnownFileType</key>
			<string>file.scp</string>
			<key>path</key>
			<string>smoke.scnp</string>
			<key>sourceTree</key>
			<string>&lt;group&gt;</string>
		</dict>
		<key>945AD7A018F1FB2500351CB5</key>
		<dict>
			<key>isa</key>
			<string>PBXFileReference</string>
			<key>lastKnownFileType</key>
			<string>image.png</string>
			<key>path</key>
			<string>smoke.png</string>
			<key>sourceTree</key>
			<string>&lt;group&gt;</string>
		</dict>
		<key>945AD7A118F1FB2500351CB5</key>
		<dict>
			<key>fileRef</key>
			<string>945AD79F18F1FB2500351CB5</string>
			<key>isa</key>
			<string>PBXBuildFile</string>
		</dict>
		<key>945AD7A218F1FB2500351CB5</key>
		<dict>
			<key>fileRef</key>
			<string>945AD7A018F1FB2500351CB5</string>
			<key>isa</key>
			<string>PBXBuildFile</string>
		</dict>
		<key>9461830918F08C1D00FDFE48</key>
		<dict>
			<key>children</key>
			<array>
				<string>9461831418F08C1D00FDFE48</string>
				<string>944CD35318F1D91500F4DCDA</string>
				<string>116C81FB192EAD9E0001FC16</string>
				<string>9461831318F08C1D00FDFE48</string>
			</array>
			<key>isa</key>
			<string>PBXGroup</string>
			<key>sourceTree</key>
			<string>&lt;group&gt;</string>
		</dict>
		<key>9461830A18F08C1D00FDFE48</key>
		<dict>
			<key>attributes</key>
			<dict>
				<key>CLASSPREFIX</key>
				<string>AAPL</string>
				<key>LastUpgradeCheck</key>
				<string>0600</string>
				<key>ORGANIZATIONNAME</key>
				<string>Apple Inc.</string>
				<key>TargetAttributes</key>
				<dict>
					<key>9461831118F08C1D00FDFE48</key>
					<dict>
						<key>DevelopmentTeam</key>
						<string>7V6VCE4Z4V</string>
					</dict>
					<key>9461832E18F08C1D00FDFE48</key>
					<dict>
						<key>TestTargetID</key>
						<string>9461831118F08C1D00FDFE48</string>
					</dict>
				</dict>
			</dict>
			<key>buildConfigurationList</key>
			<string>9461830D18F08C1D00FDFE48</string>
			<key>compatibilityVersion</key>
			<string>Xcode 3.2</string>
			<key>developmentRegion</key>
			<string>English</string>
			<key>hasScannedForEncodings</key>
			<string>0</string>
			<key>isa</key>
			<string>PBXProject</string>
			<key>knownRegions</key>
			<array>
				<string>en</string>
				<string>Base</string>
			</array>
			<key>mainGroup</key>
			<string>9461830918F08C1D00FDFE48</string>
			<key>productRefGroup</key>
			<string>9461831318F08C1D00FDFE48</string>
			<key>projectDirPath</key>
			<string></string>
			<key>projectReferences</key>
			<array/>
			<key>projectRoot</key>
			<string></string>
			<key>targets</key>
			<array>
				<string>9461831118F08C1D00FDFE48</string>
				<string>9461832E18F08C1D00FDFE48</string>
			</array>
		</dict>
		<key>9461830D18F08C1D00FDFE48</key>
		<dict>
			<key>buildConfigurations</key>
			<array>
				<string>9461833A18F08C1D00FDFE48</string>
				<string>9461833B18F08C1D00FDFE48</string>
			</array>
			<key>defaultConfigurationIsVisible</key>
			<string>0</string>
			<key>defaultConfigurationName</key>
			<string>Release</string>
			<key>isa</key>
			<string>XCConfigurationList</string>
		</dict>
		<key>9461830E18F08C1D00FDFE48</key>
		<dict>
			<key>buildActionMask</key>
			<string>2147483647</string>
			<key>files</key>
			<array>
				<string>9461831F18F08C1D00FDFE48</string>
				<string>9655E4E6192650D7006C3A3B</string>
				<string>9461832818F08C1D00FDFE48</string>
				<string>944CD34E18F1CF1600F4DCDA</string>
				<string>9461831B18F08C1D00FDFE48</string>
			</array>
			<key>isa</key>
			<string>PBXSourcesBuildPhase</string>
			<key>runOnlyForDeploymentPostprocessing</key>
			<string>0</string>
		</dict>
		<key>9461830F18F08C1D00FDFE48</key>
		<dict>
			<key>buildActionMask</key>
			<string>2147483647</string>
			<key>files</key>
			<array>
				<string>116C81FA192EA8EF0001FC16</string>
				<string>116C81F8192EA8E80001FC16</string>
				<string>116C81F6192EA7980001FC16</string>
				<string>116C81F4192EA78F0001FC16</string>
				<string>116C81F2192EA73E0001FC16</string>
				<string>53ACCFF1E3FB42DDAB5FD890</string>
				<string>ED3A25A5B567450D91D7E8C3</string>
				<string>BF40B7C534FB4B10BF2A2676</string>
				<string>E4D9081B4AEE49C2BAD00562</string>
				<string>FF1BBA342BA74129A0BBCD85</string>
				<string>A4852897C2304217946280D8</string>
				<string>922AA0BD61BF47088A251CA6</string>
				<string>02B766B554214E70A0CDE032</string>
				<string>DE14F810BFA240E3B6CFA7C5</string>
				<string>2580C7875B8F401BBA1DF502</string>
			</array>
			<key>isa</key>
			<string>PBXFrameworksBuildPhase</string>
			<key>runOnlyForDeploymentPostprocessing</key>
			<string>0</string>
		</dict>
		<key>9461831018F08C1D00FDFE48</key>
		<dict>
			<key>buildActionMask</key>
			<string>2147483647</string>
			<key>files</key>
			<array>
				<string>9461832518F08C1D00FDFE48</string>
				<string>94A4857018F1FAB200775D5E</string>
				<string>945AD7A218F1FB2500351CB5</string>
				<string>94A4857B18F1FAB200775D5E</string>
				<string>9C765F11193561FE00C1D23C</string>
				<string>94A4857618F1FAB200775D5E</string>
				<string>94A4856318F1FAB200775D5E</string>
				<string>945AD7A118F1FB2500351CB5</string>
				<string>94A4856618F1FAB200775D5E</string>
				<string>9461832A18F08C1D00FDFE48</string>
				<string>94A4857918F1FAB200775D5E</string>
				<string>9461832218F08C1D00FDFE48</string>
				<string>9655E4E819265809006C3A3B</string>
				<string>94A4857D18F1FAB200775D5E</string>
				<string>94A4857F18F1FAB200775D5E</string>
				<string>9461831918F08C1D00FDFE48</string>
				<string>94A4857818F1FAB200775D5E</string>
				<string>94A4856918F1FAB200775D5E</string>
				<string>94A4857118F1FAB200775D5E</string>
				<string>94A4857518F1FAB200775D5E</string>
				<string>94A4856418F1FAB200775D5E</string>
				<string>94A4857418F1FAB200775D5E</string>
				<string>94A4856C18F1FAB200775D5E</string>
				<string>94A4857718F1FAB200775D5E</string>
				<string>94A4856A18F1FAB200775D5E</string>
				<string>94A4856518F1FAB200775D5E</string>
				<string>94A4857E18F1FAB200775D5E</string>
				<string>94A4857218F1FAB200775D5E</string>
				<string>94A4856818F1FAB200775D5E</string>
				<string>945AD79E18F1FB0800351CB5</string>
				<string>94A4856718F1FAB200775D5E</string>
				<string>94A4857C18F1FAB200775D5E</string>
				<string>94A4856B18F1FAB200775D5E</string>
				<string>9CF4337B19354D75001A1D66</string>
				<string>94A4857A18F1FAB200775D5E</string>
			</array>
			<key>isa</key>
			<string>PBXResourcesBuildPhase</string>
			<key>runOnlyForDeploymentPostprocessing</key>
			<string>0</string>
		</dict>
		<key>9461831118F08C1D00FDFE48</key>
		<dict>
			<key>buildConfigurationList</key>
			<string>9461833C18F08C1D00FDFE48</string>
			<key>buildPhases</key>
			<array>
				<string>9461830E18F08C1D00FDFE48</string>
				<string>9461830F18F08C1D00FDFE48</string>
				<string>9461831018F08C1D00FDFE48</string>
			</array>
			<key>buildRules</key>
			<array/>
			<key>dependencies</key>
			<array/>
			<key>isa</key>
			<string>PBXNativeTarget</string>
			<key>name</key>
			<string>SceneKitVehicle</string>
			<key>productName</key>
			<string>SceneKitVehicle</string>
			<key>productReference</key>
			<string>9461831218F08C1D00FDFE48</string>
			<key>productType</key>
			<string>com.apple.product-type.application</string>
		</dict>
		<key>9461831218F08C1D00FDFE48</key>
		<dict>
			<key>explicitFileType</key>
			<string>wrapper.application</string>
			<key>includeInIndex</key>
			<string>0</string>
			<key>isa</key>
			<string>PBXFileReference</string>
			<key>path</key>
			<string>SceneKitVehicle.app</string>
			<key>sourceTree</key>
			<string>BUILT_PRODUCTS_DIR</string>
		</dict>
		<key>9461831318F08C1D00FDFE48</key>
		<dict>
			<key>children</key>
			<array>
				<string>9461831218F08C1D00FDFE48</string>
				<string>9461832F18F08C1D00FDFE48</string>
			</array>
			<key>isa</key>
			<string>PBXGroup</string>
			<key>name</key>
			<string>Products</string>
			<key>sourceTree</key>
			<string>&lt;group&gt;</string>
		</dict>
		<key>9461831418F08C1D00FDFE48</key>
		<dict>
			<key>children</key>
			<array>
				<string>9461831D18F08C1D00FDFE48</string>
				<string>9461831E18F08C1D00FDFE48</string>
				<string>9461832618F08C1D00FDFE48</string>
				<string>9461832718F08C1D00FDFE48</string>
				<string>944CD34C18F1CF1600F4DCDA</string>
				<string>944CD34D18F1CF1600F4DCDA</string>
				<string>9655E4E4192650D7006C3A3B</string>
				<string>9655E4E5192650D7006C3A3B</string>
				<string>9461832918F08C1D00FDFE48</string>
				<string>9461832018F08C1D00FDFE48</string>
				<string>9461832318F08C1D00FDFE48</string>
				<string>9461831518F08C1D00FDFE48</string>
			</array>
			<key>isa</key>
			<string>PBXGroup</string>
			<key>path</key>
			<string>SceneKitVehicle</string>
			<key>sourceTree</key>
			<string>&lt;group&gt;</string>
		</dict>
		<key>9461831518F08C1D00FDFE48</key>
		<dict>
			<key>children</key>
			<array>
				<string>9461831618F08C1D00FDFE48</string>
				<string>9461831718F08C1D00FDFE48</string>
				<string>9461831A18F08C1D00FDFE48</string>
				<string>9461831C18F08C1D00FDFE48</string>
			</array>
			<key>isa</key>
			<string>PBXGroup</string>
			<key>name</key>
			<string>Supporting Files</string>
			<key>sourceTree</key>
			<string>&lt;group&gt;</string>
		</dict>
		<key>9461831618F08C1D00FDFE48</key>
		<dict>
			<key>isa</key>
			<string>PBXFileReference</string>
			<key>lastKnownFileType</key>
			<string>text.plist.xml</string>
			<key>path</key>
			<string>SceneKitVehicle-Info.plist</string>
			<key>sourceTree</key>
			<string>&lt;group&gt;</string>
		</dict>
		<key>9461831718F08C1D00FDFE48</key>
		<dict>
			<key>children</key>
			<array>
				<string>9461831818F08C1D00FDFE48</string>
			</array>
			<key>isa</key>
			<string>PBXVariantGroup</string>
			<key>name</key>
			<string>InfoPlist.strings</string>
			<key>sourceTree</key>
			<string>&lt;group&gt;</string>
		</dict>
		<key>9461831818F08C1D00FDFE48</key>
		<dict>
			<key>isa</key>
			<string>PBXFileReference</string>
			<key>lastKnownFileType</key>
			<string>text.plist.strings</string>
			<key>name</key>
			<string>en</string>
			<key>path</key>
			<string>en.lproj/InfoPlist.strings</string>
			<key>sourceTree</key>
			<string>&lt;group&gt;</string>
		</dict>
		<key>9461831918F08C1D00FDFE48</key>
		<dict>
			<key>fileRef</key>
			<string>9461831718F08C1D00FDFE48</string>
			<key>isa</key>
			<string>PBXBuildFile</string>
		</dict>
		<key>9461831A18F08C1D00FDFE48</key>
		<dict>
			<key>isa</key>
			<string>PBXFileReference</string>
			<key>lastKnownFileType</key>
			<string>sourcecode.c.objc</string>
			<key>path</key>
			<string>main.m</string>
			<key>sourceTree</key>
			<string>&lt;group&gt;</string>
		</dict>
		<key>9461831B18F08C1D00FDFE48</key>
		<dict>
			<key>fileRef</key>
			<string>9461831A18F08C1D00FDFE48</string>
			<key>isa</key>
			<string>PBXBuildFile</string>
		</dict>
		<key>9461831C18F08C1D00FDFE48</key>
		<dict>
			<key>isa</key>
			<string>PBXFileReference</string>
			<key>lastKnownFileType</key>
			<string>sourcecode.c.h</string>
			<key>path</key>
			<string>SceneKitVehicle-Prefix.pch</string>
			<key>sourceTree</key>
			<string>&lt;group&gt;</string>
		</dict>
		<key>9461831D18F08C1D00FDFE48</key>
		<dict>
			<key>isa</key>
			<string>PBXFileReference</string>
			<key>lastKnownFileType</key>
			<string>sourcecode.c.h</string>
			<key>path</key>
			<string>AAPLAppDelegate.h</string>
			<key>sourceTree</key>
			<string>&lt;group&gt;</string>
		</dict>
		<key>9461831E18F08C1D00FDFE48</key>
		<dict>
			<key>isa</key>
			<string>PBXFileReference</string>
			<key>lastKnownFileType</key>
			<string>sourcecode.c.objc</string>
			<key>path</key>
			<string>AAPLAppDelegate.m</string>
			<key>sourceTree</key>
			<string>&lt;group&gt;</string>
		</dict>
		<key>9461831F18F08C1D00FDFE48</key>
		<dict>
			<key>fileRef</key>
			<string>9461831E18F08C1D00FDFE48</string>
			<key>isa</key>
			<string>PBXBuildFile</string>
		</dict>
		<key>9461832018F08C1D00FDFE48</key>
		<dict>
			<key>children</key>
			<array>
				<string>9461832118F08C1D00FDFE48</string>
			</array>
			<key>isa</key>
			<string>PBXVariantGroup</string>
			<key>name</key>
			<string>Main_iPhone.storyboard</string>
			<key>sourceTree</key>
			<string>&lt;group&gt;</string>
		</dict>
		<key>9461832118F08C1D00FDFE48</key>
		<dict>
			<key>isa</key>
			<string>PBXFileReference</string>
			<key>lastKnownFileType</key>
			<string>file.storyboard</string>
			<key>name</key>
			<string>Base</string>
			<key>path</key>
			<string>Base.lproj/Main_iPhone.storyboard</string>
			<key>sourceTree</key>
			<string>&lt;group&gt;</string>
		</dict>
		<key>9461832218F08C1D00FDFE48</key>
		<dict>
			<key>fileRef</key>
			<string>9461832018F08C1D00FDFE48</string>
			<key>isa</key>
			<string>PBXBuildFile</string>
		</dict>
		<key>9461832318F08C1D00FDFE48</key>
		<dict>
			<key>children</key>
			<array>
				<string>9461832418F08C1D00FDFE48</string>
			</array>
			<key>isa</key>
			<string>PBXVariantGroup</string>
			<key>name</key>
			<string>Main_iPad.storyboard</string>
			<key>sourceTree</key>
			<string>&lt;group&gt;</string>
		</dict>
		<key>9461832418F08C1D00FDFE48</key>
		<dict>
			<key>isa</key>
			<string>PBXFileReference</string>
			<key>lastKnownFileType</key>
			<string>file.storyboard</string>
			<key>name</key>
			<string>Base</string>
			<key>path</key>
			<string>Base.lproj/Main_iPad.storyboard</string>
			<key>sourceTree</key>
			<string>&lt;group&gt;</string>
		</dict>
		<key>9461832518F08C1D00FDFE48</key>
		<dict>
			<key>fileRef</key>
			<string>9461832318F08C1D00FDFE48</string>
			<key>isa</key>
			<string>PBXBuildFile</string>
		</dict>
		<key>9461832618F08C1D00FDFE48</key>
		<dict>
			<key>isa</key>
			<string>PBXFileReference</string>
			<key>lastKnownFileType</key>
			<string>sourcecode.c.h</string>
			<key>path</key>
			<string>AAPLGameViewController.h</string>
			<key>sourceTree</key>
			<string>&lt;group&gt;</string>
		</dict>
		<key>9461832718F08C1D00FDFE48</key>
		<dict>
			<key>isa</key>
			<string>PBXFileReference</string>
			<key>lastKnownFileType</key>
			<string>sourcecode.c.objc</string>
			<key>path</key>
			<string>AAPLGameViewController.m</string>
			<key>sourceTree</key>
			<string>&lt;group&gt;</string>
		</dict>
		<key>9461832818F08C1D00FDFE48</key>
		<dict>
			<key>fileRef</key>
			<string>9461832718F08C1D00FDFE48</string>
			<key>isa</key>
			<string>PBXBuildFile</string>
		</dict>
		<key>9461832918F08C1D00FDFE48</key>
		<dict>
			<key>isa</key>
			<string>PBXFileReference</string>
			<key>lastKnownFileType</key>
			<string>folder.assetcatalog</string>
			<key>path</key>
			<string>Images.xcassets</string>
			<key>sourceTree</key>
			<string>&lt;group&gt;</string>
		</dict>
		<key>9461832A18F08C1D00FDFE48</key>
		<dict>
			<key>fileRef</key>
			<string>9461832918F08C1D00FDFE48</string>
			<key>isa</key>
			<string>PBXBuildFile</string>
		</dict>
		<key>9461832B18F08C1D00FDFE48</key>
		<dict>
			<key>buildActionMask</key>
			<string>2147483647</string>
			<key>files</key>
			<array/>
			<key>isa</key>
			<string>PBXSourcesBuildPhase</string>
			<key>runOnlyForDeploymentPostprocessing</key>
			<string>0</string>
		</dict>
		<key>9461832C18F08C1D00FDFE48</key>
		<dict>
			<key>buildActionMask</key>
			<string>2147483647</string>
			<key>files</key>
			<array/>
			<key>isa</key>
			<string>PBXFrameworksBuildPhase</string>
			<key>runOnlyForDeploymentPostprocessing</key>
			<string>0</string>
		</dict>
		<key>9461832D18F08C1D00FDFE48</key>
		<dict>
			<key>buildActionMask</key>
			<string>2147483647</string>
			<key>files</key>
			<array/>
			<key>isa</key>
			<string>PBXResourcesBuildPhase</string>
			<key>runOnlyForDeploymentPostprocessing</key>
			<string>0</string>
		</dict>
		<key>9461832E18F08C1D00FDFE48</key>
		<dict>
			<key>buildConfigurationList</key>
			<string>9461833F18F08C1D00FDFE48</string>
			<key>buildPhases</key>
			<array>
				<string>9461832B18F08C1D00FDFE48</string>
				<string>9461832C18F08C1D00FDFE48</string>
				<string>9461832D18F08C1D00FDFE48</string>
			</array>
			<key>buildRules</key>
			<array/>
			<key>dependencies</key>
			<array>
				<string>9461833118F08C1D00FDFE48</string>
				<string>FDBA6B71198BFB6200BC2713</string>
			</array>
			<key>isa</key>
			<string>PBXNativeTarget</string>
			<key>name</key>
			<string>SceneKitVehicleTests</string>
			<key>productName</key>
			<string>SceneKitVehicleTests</string>
			<key>productReference</key>
			<string>9461832F18F08C1D00FDFE48</string>
			<key>productType</key>
			<string>com.apple.product-type.bundle.unit-test</string>
		</dict>
		<key>9461832F18F08C1D00FDFE48</key>
		<dict>
			<key>explicitFileType</key>
			<string>wrapper.cfbundle</string>
			<key>includeInIndex</key>
			<string>0</string>
			<key>isa</key>
			<string>PBXFileReference</string>
			<key>path</key>
			<string>SceneKitVehicleTests.xctest</string>
			<key>sourceTree</key>
			<string>BUILT_PRODUCTS_DIR</string>
		</dict>
		<key>9461833018F08C1D00FDFE48</key>
		<dict>
			<key>containerPortal</key>
			<string>9461830A18F08C1D00FDFE48</string>
			<key>isa</key>
			<string>PBXContainerItemProxy</string>
			<key>proxyType</key>
			<string>1</string>
			<key>remoteGlobalIDString</key>
			<string>9461831118F08C1D00FDFE48</string>
			<key>remoteInfo</key>
			<string>SceneKitVehicle</string>
		</dict>
		<key>9461833118F08C1D00FDFE48</key>
		<dict>
			<key>isa</key>
			<string>PBXTargetDependency</string>
			<key>target</key>
			<string>9461831118F08C1D00FDFE48</string>
			<key>targetProxy</key>
			<string>9461833018F08C1D00FDFE48</string>
		</dict>
		<key>9461833A18F08C1D00FDFE48</key>
		<dict>
			<key>buildSettings</key>
			<dict>
				<key>ALWAYS_SEARCH_USER_PATHS</key>
				<string>NO</string>
				<key>AXLE_ENABLE_DEBUG_INFO</key>
				<string>YES</string>
				<key>CLANG_CXX_LANGUAGE_STANDARD</key>
				<string>gnu++0x</string>
				<key>CLANG_CXX_LIBRARY</key>
				<string>libc++</string>
				<key>CLANG_ENABLE_MODULES</key>
				<string>YES</string>
				<key>CLANG_ENABLE_OBJC_ARC</key>
				<string>YES</string>
				<key>CLANG_WARN_ASSIGN_ENUM</key>
				<string>YES</string>
				<key>CLANG_WARN_BOOL_CONVERSION</key>
				<string>YES</string>
				<key>CLANG_WARN_CONSTANT_CONVERSION</key>
				<string>YES</string>
				<key>CLANG_WARN_DIRECT_OBJC_ISA_USAGE</key>
				<string>YES_ERROR</string>
				<key>CLANG_WARN_EMPTY_BODY</key>
				<string>YES</string>
				<key>CLANG_WARN_ENUM_CONVERSION</key>
				<string>YES</string>
				<key>CLANG_WARN_INT_CONVERSION</key>
				<string>YES</string>
				<key>CLANG_WARN_OBJC_ROOT_CLASS</key>
				<string>YES_ERROR</string>
				<key>CLANG_WARN__DUPLICATE_METHOD_MATCH</key>
				<string>YES</string>
				<key>CODE_SIGN_IDENTITY[sdk=iphoneos*]</key>
				<string>iPhone Developer</string>
				<key>COPY_PHASE_STRIP</key>
				<string>NO</string>
				<key>GCC_C_LANGUAGE_STANDARD</key>
				<string>gnu99</string>
				<key>GCC_DYNAMIC_NO_PIC</key>
				<string>NO</string>
				<key>GCC_OPTIMIZATION_LEVEL</key>
				<string>0</string>
				<key>GCC_PREPROCESSOR_DEFINITIONS</key>
				<array>
					<string>DEBUG=1</string>
					<string>$(inherited)</string>
				</array>
				<key>GCC_SYMBOLS_PRIVATE_EXTERN</key>
				<string>NO</string>
				<key>GCC_WARN_64_TO_32_BIT_CONVERSION</key>
				<string>YES</string>
				<key>GCC_WARN_ABOUT_RETURN_TYPE</key>
				<string>YES_ERROR</string>
				<key>GCC_WARN_UNDECLARED_SELECTOR</key>
				<string>YES</string>
				<key>GCC_WARN_UNINITIALIZED_AUTOS</key>
				<string>YES_AGGRESSIVE</string>
				<key>GCC_WARN_UNUSED_FUNCTION</key>
				<string>YES</string>
				<key>GCC_WARN_UNUSED_VARIABLE</key>
				<string>YES</string>
				<key>IPHONEOS_DEPLOYMENT_TARGET</key>
				<string>8.0</string>
				<key>ONLY_ACTIVE_ARCH</key>
				<string>YES</string>
				<key>SDKROOT</key>
				<string>iphoneos</string>
				<key>TARGETED_DEVICE_FAMILY</key>
				<string>1,2</string>
			</dict>
			<key>isa</key>
			<string>XCBuildConfiguration</string>
			<key>name</key>
			<string>Debug</string>
		</dict>
		<key>9461833B18F08C1D00FDFE48</key>
		<dict>
			<key>buildSettings</key>
			<dict>
				<key>ALWAYS_SEARCH_USER_PATHS</key>
				<string>NO</string>
				<key>AXLE_ENABLE_DEBUG_INFO</key>
				<string>NO</string>
				<key>CLANG_CXX_LANGUAGE_STANDARD</key>
				<string>gnu++0x</string>
				<key>CLANG_CXX_LIBRARY</key>
				<string>libc++</string>
				<key>CLANG_ENABLE_MODULES</key>
				<string>YES</string>
				<key>CLANG_ENABLE_OBJC_ARC</key>
				<string>YES</string>
				<key>CLANG_WARN_ASSIGN_ENUM</key>
				<string>YES</string>
				<key>CLANG_WARN_BOOL_CONVERSION</key>
				<string>YES</string>
				<key>CLANG_WARN_CONSTANT_CONVERSION</key>
				<string>YES</string>
				<key>CLANG_WARN_DIRECT_OBJC_ISA_USAGE</key>
				<string>YES_ERROR</string>
				<key>CLANG_WARN_EMPTY_BODY</key>
				<string>YES</string>
				<key>CLANG_WARN_ENUM_CONVERSION</key>
				<string>YES</string>
				<key>CLANG_WARN_INT_CONVERSION</key>
				<string>YES</string>
				<key>CLANG_WARN_OBJC_ROOT_CLASS</key>
				<string>YES_ERROR</string>
				<key>CLANG_WARN__DUPLICATE_METHOD_MATCH</key>
				<string>YES</string>
				<key>CODE_SIGN_IDENTITY[sdk=iphoneos*]</key>
				<string>iPhone Developer</string>
				<key>COPY_PHASE_STRIP</key>
				<string>YES</string>
				<key>ENABLE_NS_ASSERTIONS</key>
				<string>NO</string>
				<key>GCC_C_LANGUAGE_STANDARD</key>
				<string>gnu99</string>
				<key>GCC_WARN_64_TO_32_BIT_CONVERSION</key>
				<string>YES</string>
				<key>GCC_WARN_ABOUT_RETURN_TYPE</key>
				<string>YES_ERROR</string>
				<key>GCC_WARN_UNDECLARED_SELECTOR</key>
				<string>YES</string>
				<key>GCC_WARN_UNINITIALIZED_AUTOS</key>
				<string>YES_AGGRESSIVE</string>
				<key>GCC_WARN_UNUSED_FUNCTION</key>
				<string>YES</string>
				<key>GCC_WARN_UNUSED_VARIABLE</key>
				<string>YES</string>
				<key>IPHONEOS_DEPLOYMENT_TARGET</key>
				<string>8.0</string>
				<key>SDKROOT</key>
				<string>iphoneos</string>
				<key>TARGETED_DEVICE_FAMILY</key>
				<string>1,2</string>
				<key>VALIDATE_PRODUCT</key>
				<string>YES</string>
			</dict>
			<key>isa</key>
			<string>XCBuildConfiguration</string>
			<key>name</key>
			<string>Release</string>
		</dict>
		<key>9461833C18F08C1D00FDFE48</key>
		<dict>
			<key>buildConfigurations</key>
			<array>
				<string>9461833D18F08C1D00FDFE48</string>
				<string>9461833E18F08C1D00FDFE48</string>
			</array>
			<key>defaultConfigurationIsVisible</key>
			<string>0</string>
			<key>defaultConfigurationName</key>
			<string>Release</string>
			<key>isa</key>
			<string>XCConfigurationList</string>
		</dict>
		<key>9461833D18F08C1D00FDFE48</key>
		<dict>
			<key>buildSettings</key>
			<dict>
				<key>ASSETCATALOG_COMPILER_APPICON_NAME</key>
				<string>AppIcon</string>
				<key>ASSETCATALOG_COMPILER_LAUNCHIMAGE_NAME</key>
				<string>LaunchImage</string>
				<key>CLANG_ALLOW_NON_MODULAR_INCLUDES_IN_FRAMEWORK_MODULES</key>
				<string>NO</string>
				<key>CLANG_ENABLE_MODULES</key>
				<string>NO</string>
				<key>CODE_SIGN_IDENTITY</key>
				<string>iPhone Developer</string>
				<key>CODE_SIGN_IDENTITY[sdk=iphoneos*]</key>
				<string>iPhone Developer</string>
				<key>GCC_PRECOMPILE_PREFIX_HEADER</key>
				<string>YES</string>
				<key>GCC_PREFIX_HEADER</key>
				<string>SceneKitVehicle/SceneKitVehicle-Prefix.pch</string>
				<key>HEADER_SEARCH_PATHS</key>
				<array>
					<string>"$(USER_LIBRARY_DIR)/Application Support/com.celedev.CodeFlow/iphoneos/include"</string>
				</array>
				<key>INFOPLIST_FILE</key>
				<string>SceneKitVehicle/SceneKitVehicle-Info.plist</string>
				<key>LD_RUNPATH_SEARCH_PATHS</key>
				<string>$(inherited) @executable_path/Frameworks</string>
				<key>LIBRARY_SEARCH_PATHS</key>
				<array>
					<string>"$(USER_LIBRARY_DIR)/Application Support/com.celedev.CodeFlow/iphoneos"</string>
					<string>"$(USER_LIBRARY_DIR)/Application Support/com.celedev.CodeFlow/iphoneos/iOS-8.0-SDK.luabindings/BindingLibs"</string>
				</array>
				<key>OTHER_LDFLAGS</key>
				<string>-ObjC</string>
				<key>PRODUCT_NAME</key>
				<string>$(TARGET_NAME)</string>
				<key>PROVISIONING_PROFILE</key>
				<string></string>
				<key>SDKROOT</key>
				<string>iphoneos.internal</string>
			</dict>
			<key>isa</key>
			<string>XCBuildConfiguration</string>
			<key>name</key>
			<string>Debug</string>
		</dict>
		<key>9461833E18F08C1D00FDFE48</key>
		<dict>
			<key>buildSettings</key>
			<dict>
				<key>ASSETCATALOG_COMPILER_APPICON_NAME</key>
				<string>AppIcon</string>
				<key>ASSETCATALOG_COMPILER_LAUNCHIMAGE_NAME</key>
				<string>LaunchImage</string>
				<key>CLANG_ALLOW_NON_MODULAR_INCLUDES_IN_FRAMEWORK_MODULES</key>
				<string>NO</string>
				<key>CLANG_ENABLE_MODULES</key>
				<string>NO</string>
				<key>CODE_SIGN_IDENTITY</key>
				<string>iPhone Developer</string>
				<key>CODE_SIGN_IDENTITY[sdk=iphoneos*]</key>
				<string>iPhone Developer</string>
				<key>GCC_PRECOMPILE_PREFIX_HEADER</key>
				<string>YES</string>
				<key>GCC_PREFIX_HEADER</key>
				<string>SceneKitVehicle/SceneKitVehicle-Prefix.pch</string>
				<key>HEADER_SEARCH_PATHS</key>
				<array>
					<string>"$(USER_LIBRARY_DIR)/Application Support/com.celedev.CodeFlow/iphoneos/include"</string>
				</array>
				<key>INFOPLIST_FILE</key>
				<string>SceneKitVehicle/SceneKitVehicle-Info.plist</string>
				<key>LD_RUNPATH_SEARCH_PATHS</key>
				<string>$(inherited) @executable_path/Frameworks</string>
				<key>LIBRARY_SEARCH_PATHS</key>
				<array>
					<string>"$(USER_LIBRARY_DIR)/Application Support/com.celedev.CodeFlow/iphoneos"</string>
					<string>"$(USER_LIBRARY_DIR)/Application Support/com.celedev.CodeFlow/iphoneos/iOS-8.0-SDK.luabindings/BindingLibs"</string>
				</array>
				<key>OTHER_LDFLAGS</key>
				<string>-ObjC</string>
				<key>PRODUCT_NAME</key>
				<string>$(TARGET_NAME)</string>
				<key>PROVISIONING_PROFILE</key>
				<string></string>
				<key>SDKROOT</key>
				<string>iphoneos.internal</string>
			</dict>
			<key>isa</key>
			<string>XCBuildConfiguration</string>
			<key>name</key>
			<string>Release</string>
		</dict>
		<key>9461833F18F08C1D00FDFE48</key>
		<dict>
			<key>buildConfigurations</key>
			<array>
				<string>9461834018F08C1D00FDFE48</string>
				<string>9461834118F08C1D00FDFE48</string>
			</array>
			<key>defaultConfigurationIsVisible</key>
			<string>0</string>
			<key>defaultConfigurationName</key>
			<string>Release</string>
			<key>isa</key>
			<string>XCConfigurationList</string>
		</dict>
		<key>9461834018F08C1D00FDFE48</key>
		<dict>
			<key>buildSettings</key>
			<dict>
				<key>BUNDLE_LOADER</key>
				<string>$(BUILT_PRODUCTS_DIR)/SceneKitVehicle.app/SceneKitVehicle</string>
				<key>FRAMEWORK_SEARCH_PATHS</key>
				<array>
					<string>$(SDKROOT)/Developer/Library/Frameworks</string>
					<string>$(inherited)</string>
				</array>
				<key>GCC_PRECOMPILE_PREFIX_HEADER</key>
				<string>YES</string>
				<key>GCC_PREFIX_HEADER</key>
				<string>SceneKitVehicle/SceneKitVehicle-Prefix.pch</string>
				<key>GCC_PREPROCESSOR_DEFINITIONS</key>
				<array>
					<string>DEBUG=1</string>
					<string>$(inherited)</string>
				</array>
				<key>INFOPLIST_FILE</key>
				<string>SceneKitVehicleTests/SceneKitVehicleTests-Info.plist</string>
				<key>PRODUCT_NAME</key>
				<string>$(TARGET_NAME)</string>
				<key>TEST_HOST</key>
				<string>$(BUNDLE_LOADER)</string>
				<key>WRAPPER_EXTENSION</key>
				<string>xctest</string>
			</dict>
			<key>isa</key>
			<string>XCBuildConfiguration</string>
			<key>name</key>
			<string>Debug</string>
		</dict>
		<key>9461834118F08C1D00FDFE48</key>
		<dict>
			<key>buildSettings</key>
			<dict>
				<key>BUNDLE_LOADER</key>
				<string>$(BUILT_PRODUCTS_DIR)/SceneKitVehicle.app/SceneKitVehicle</string>
				<key>FRAMEWORK_SEARCH_PATHS</key>
				<array>
					<string>$(SDKROOT)/Developer/Library/Frameworks</string>
					<string>$(inherited)</string>
				</array>
				<key>GCC_PRECOMPILE_PREFIX_HEADER</key>
				<string>YES</string>
				<key>GCC_PREFIX_HEADER</key>
				<string>SceneKitVehicle/SceneKitVehicle-Prefix.pch</string>
				<key>INFOPLIST_FILE</key>
				<string>SceneKitVehicleTests/SceneKitVehicleTests-Info.plist</string>
				<key>PRODUCT_NAME</key>
				<string>$(TARGET_NAME)</string>
				<key>TEST_HOST</key>
				<string>$(BUNDLE_LOADER)</string>
				<key>WRAPPER_EXTENSION</key>
				<string>xctest</string>
			</dict>
			<key>isa</key>
			<string>XCBuildConfiguration</string>
			<key>name</key>
			<string>Release</string>
		</dict>
		<key>94A4854518F1FAB200775D5E</key>
		<dict>
			<key>isa</key>
			<string>PBXFileReference</string>
			<key>lastKnownFileType</key>
			<string>image.jpeg</string>
			<key>path</key>
			<string>ball.jpg</string>
			<key>sourceTree</key>
			<string>&lt;group&gt;</string>
		</dict>
		<key>94A4854618F1FAB200775D5E</key>
		<dict>
			<key>isa</key>
			<string>PBXFileReference</string>
			<key>lastKnownFileType</key>
			<string>image.jpeg</string>
			<key>path</key>
			<string>book_back.jpg</string>
			<key>sourceTree</key>
			<string>&lt;group&gt;</string>
		</dict>
		<key>94A4854718F1FAB200775D5E</key>
		<dict>
			<key>isa</key>
			<string>PBXFileReference</string>
			<key>lastKnownFileType</key>
			<string>image.jpeg</string>
			<key>path</key>
			<string>book_front.jpg</string>
			<key>sourceTree</key>
			<string>&lt;group&gt;</string>
		</dict>
		<key>94A4854818F1FAB200775D5E</key>
		<dict>
			<key>isa</key>
			<string>PBXFileReference</string>
			<key>lastKnownFileType</key>
			<string>image.jpeg</string>
			<key>path</key>
			<string>book_side_title.jpg</string>
			<key>sourceTree</key>
			<string>&lt;group&gt;</string>
		</dict>
		<key>94A4854918F1FAB200775D5E</key>
		<dict>
			<key>isa</key>
			<string>PBXFileReference</string>
			<key>lastKnownFileType</key>
			<string>image.jpeg</string>
			<key>path</key>
			<string>book_side.jpg</string>
			<key>sourceTree</key>
			<string>&lt;group&gt;</string>
		</dict>
		<key>94A4854A18F1FAB200775D5E</key>
		<dict>
			<key>isa</key>
			<string>PBXFileReference</string>
			<key>lastKnownFileType</key>
			<string>image.jpeg</string>
			<key>path</key>
			<string>carpet.jpg</string>
			<key>sourceTree</key>
			<string>&lt;group&gt;</string>
		</dict>
		<key>94A4854B18F1FAB200775D5E</key>
		<dict>
			<key>isa</key>
			<string>PBXFileReference</string>
			<key>lastKnownFileType</key>
			<string>image.png</string>
			<key>path</key>
			<string>icon.png</string>
			<key>sourceTree</key>
			<string>&lt;group&gt;</string>
		</dict>
		<key>94A4854C18F1FAB200775D5E</key>
		<dict>
			<key>isa</key>
			<string>PBXFileReference</string>
			<key>lastKnownFileType</key>
			<string>image.png</string>
			<key>path</key>
			<string>krStar.png</string>
			<key>sourceTree</key>
			<string>&lt;group&gt;</string>
		</dict>
		<key>94A4854D18F1FAB200775D5E</key>
		<dict>
			<key>isa</key>
			<string>PBXFileReference</string>
			<key>lastKnownFileType</key>
			<string>image.png</string>
			<key>path</key>
			<string>launch.png</string>
			<key>sourceTree</key>
			<string>&lt;group&gt;</string>
		</dict>
		<key>94A4854E18F1FAB200775D5E</key>
		<dict>
			<key>isa</key>
			<string>PBXFileReference</string>
			<key>lastKnownFileType</key>
			<string>image.png</string>
			<key>path</key>
			<string>needle.png</string>
			<key>sourceTree</key>
			<string>&lt;group&gt;</string>
		</dict>
		<key>94A4855218F1FAB200775D5E</key>
		<dict>
			<key>isa</key>
			<string>PBXFileReference</string>
			<key>lastKnownFileType</key>
			<string>image.png</string>
			<key>path</key>
			<string>spark.png</string>
			<key>sourceTree</key>
			<string>&lt;group&gt;</string>
		</dict>
		<key>94A4855318F1FAB200775D5E</key>
		<dict>
			<key>isa</key>
			<string>PBXFileReference</string>
			<key>lastKnownFileType</key>
			<string>image.png</string>
			<key>path</key>
			<string>speedGauge.png</string>
			<key>sourceTree</key>
			<string>&lt;group&gt;</string>
		</dict>
		<key>94A4855418F1FAB200775D5E</key>
		<dict>
			<key>isa</key>
			<string>PBXFileReference</string>
			<key>lastKnownFileType</key>
			<string>file.bplist</string>
			<key>path</key>
			<string>starBurst.skn</string>
			<key>sourceTree</key>
			<string>&lt;group&gt;</string>
		</dict>
		<key>94A4855618F1FAB200775D5E</key>
		<dict>
			<key>isa</key>
			<string>PBXFileReference</string>
			<key>lastKnownFileType</key>
			<string>image.png</string>
			<key>path</key>
			<string>tex_smoke.png</string>
			<key>sourceTree</key>
			<string>&lt;group&gt;</string>
		</dict>
		<key>94A4855718F1FAB200775D5E</key>
		<dict>
			<key>isa</key>
			<string>PBXFileReference</string>
			<key>lastKnownFileType</key>
			<string>image.jpeg</string>
			<key>path</key>
			<string>tire.jpg</string>
			<key>sourceTree</key>
			<string>&lt;group&gt;</string>
		</dict>
		<key>94A4855818F1FAB200775D5E</key>
		<dict>
			<key>fileEncoding</key>
			<string>4</string>
			<key>isa</key>
			<string>PBXFileReference</string>
			<key>lastKnownFileType</key>
			<string>text.xml.dae</string>
			<key>path</key>
			<string>train_flat.dae</string>
			<key>sourceTree</key>
			<string>&lt;group&gt;</string>
		</dict>
		<key>94A4855918F1FAB200775D5E</key>
		<dict>
			<key>isa</key>
			<string>PBXFileReference</string>
			<key>lastKnownFileType</key>
			<string>image.jpeg</string>
			<key>path</key>
			<string>train_wood.jpg</string>
			<key>sourceTree</key>
			<string>&lt;group&gt;</string>
		</dict>
		<key>94A4855A18F1FAB200775D5E</key>
		<dict>
			<key>isa</key>
			<string>PBXFileReference</string>
			<key>lastKnownFileType</key>
			<string>image.png</string>
			<key>path</key>
			<string>video_camera.png</string>
			<key>sourceTree</key>
			<string>&lt;group&gt;</string>
		</dict>
		<key>94A4855B18F1FAB200775D5E</key>
		<dict>
			<key>isa</key>
			<string>PBXFileReference</string>
			<key>lastKnownFileType</key>
			<string>image.png</string>
			<key>path</key>
			<string>video_camera@2x.png</string>
			<key>sourceTree</key>
			<string>&lt;group&gt;</string>
		</dict>
		<key>94A4855C18F1FAB200775D5E</key>
		<dict>
			<key>isa</key>
			<string>PBXFileReference</string>
			<key>lastKnownFileType</key>
			<string>image.jpeg</string>
			<key>path</key>
			<string>wall.jpg</string>
			<key>sourceTree</key>
			<string>&lt;group&gt;</string>
		</dict>
		<key>94A4855D18F1FAB200775D5E</key>
		<dict>
			<key>isa</key>
			<string>PBXFileReference</string>
			<key>lastKnownFileType</key>
			<string>image.png</string>
			<key>path</key>
			<string>wheel.png</string>
			<key>sourceTree</key>
			<string>&lt;group&gt;</string>
		</dict>
		<key>94A4855E18F1FAB200775D5E</key>
		<dict>
			<key>isa</key>
			<string>PBXFileReference</string>
			<key>lastKnownFileType</key>
			<string>image.png</string>
			<key>path</key>
			<string>wood.png</string>
			<key>sourceTree</key>
			<string>&lt;group&gt;</string>
		</dict>
		<key>94A4855F18F1FAB200775D5E</key>
		<dict>
			<key>isa</key>
			<string>PBXFileReference</string>
			<key>lastKnownFileType</key>
			<string>image.jpeg</string>
			<key>path</key>
			<string>WoodCubeA.jpg</string>
			<key>sourceTree</key>
			<string>&lt;group&gt;</string>
		</dict>
		<key>94A4856018F1FAB200775D5E</key>
		<dict>
			<key>isa</key>
			<string>PBXFileReference</string>
			<key>lastKnownFileType</key>
			<string>image.jpeg</string>
			<key>path</key>
			<string>WoodCubeB.jpg</string>
			<key>sourceTree</key>
			<string>&lt;group&gt;</string>
		</dict>
		<key>94A4856118F1FAB200775D5E</key>
		<dict>
			<key>isa</key>
			<string>PBXFileReference</string>
			<key>lastKnownFileType</key>
			<string>image.jpeg</string>
			<key>path</key>
			<string>WoodCubeC.jpg</string>
			<key>sourceTree</key>
			<string>&lt;group&gt;</string>
		</dict>
		<key>94A4856318F1FAB200775D5E</key>
		<dict>
			<key>fileRef</key>
			<string>94A4854518F1FAB200775D5E</string>
			<key>isa</key>
			<string>PBXBuildFile</string>
		</dict>
		<key>94A4856418F1FAB200775D5E</key>
		<dict>
			<key>fileRef</key>
			<string>94A4854618F1FAB200775D5E</string>
			<key>isa</key>
			<string>PBXBuildFile</string>
		</dict>
		<key>94A4856518F1FAB200775D5E</key>
		<dict>
			<key>fileRef</key>
			<string>94A4854718F1FAB200775D5E</string>
			<key>isa</key>
			<string>PBXBuildFile</string>
		</dict>
		<key>94A4856618F1FAB200775D5E</key>
		<dict>
			<key>fileRef</key>
			<string>94A4854818F1FAB200775D5E</string>
			<key>isa</key>
			<string>PBXBuildFile</string>
		</dict>
		<key>94A4856718F1FAB200775D5E</key>
		<dict>
			<key>fileRef</key>
			<string>94A4854918F1FAB200775D5E</string>
			<key>isa</key>
			<string>PBXBuildFile</string>
		</dict>
		<key>94A4856818F1FAB200775D5E</key>
		<dict>
			<key>fileRef</key>
			<string>94A4854A18F1FAB200775D5E</string>
			<key>isa</key>
			<string>PBXBuildFile</string>
		</dict>
		<key>94A4856918F1FAB200775D5E</key>
		<dict>
			<key>fileRef</key>
			<string>94A4854B18F1FAB200775D5E</string>
			<key>isa</key>
			<string>PBXBuildFile</string>
		</dict>
		<key>94A4856A18F1FAB200775D5E</key>
		<dict>
			<key>fileRef</key>
			<string>94A4854C18F1FAB200775D5E</string>
			<key>isa</key>
			<string>PBXBuildFile</string>
		</dict>
		<key>94A4856B18F1FAB200775D5E</key>
		<dict>
			<key>fileRef</key>
			<string>94A4854D18F1FAB200775D5E</string>
			<key>isa</key>
			<string>PBXBuildFile</string>
		</dict>
		<key>94A4856C18F1FAB200775D5E</key>
		<dict>
			<key>fileRef</key>
			<string>94A4854E18F1FAB200775D5E</string>
			<key>isa</key>
			<string>PBXBuildFile</string>
		</dict>
		<key>94A4857018F1FAB200775D5E</key>
		<dict>
			<key>fileRef</key>
			<string>94A4855218F1FAB200775D5E</string>
			<key>isa</key>
			<string>PBXBuildFile</string>
		</dict>
		<key>94A4857118F1FAB200775D5E</key>
		<dict>
			<key>fileRef</key>
			<string>94A4855318F1FAB200775D5E</string>
			<key>isa</key>
			<string>PBXBuildFile</string>
		</dict>
		<key>94A4857218F1FAB200775D5E</key>
		<dict>
			<key>fileRef</key>
			<string>94A4855418F1FAB200775D5E</string>
			<key>isa</key>
			<string>PBXBuildFile</string>
		</dict>
		<key>94A4857418F1FAB200775D5E</key>
		<dict>
			<key>fileRef</key>
			<string>94A4855618F1FAB200775D5E</string>
			<key>isa</key>
			<string>PBXBuildFile</string>
		</dict>
		<key>94A4857518F1FAB200775D5E</key>
		<dict>
			<key>fileRef</key>
			<string>94A4855718F1FAB200775D5E</string>
			<key>isa</key>
			<string>PBXBuildFile</string>
		</dict>
		<key>94A4857618F1FAB200775D5E</key>
		<dict>
			<key>fileRef</key>
			<string>94A4855818F1FAB200775D5E</string>
			<key>isa</key>
			<string>PBXBuildFile</string>
		</dict>
		<key>94A4857718F1FAB200775D5E</key>
		<dict>
			<key>fileRef</key>
			<string>94A4855918F1FAB200775D5E</string>
			<key>isa</key>
			<string>PBXBuildFile</string>
		</dict>
		<key>94A4857818F1FAB200775D5E</key>
		<dict>
			<key>fileRef</key>
			<string>94A4855A18F1FAB200775D5E</string>
			<key>isa</key>
			<string>PBXBuildFile</string>
		</dict>
		<key>94A4857918F1FAB200775D5E</key>
		<dict>
			<key>fileRef</key>
			<string>94A4855B18F1FAB200775D5E</string>
			<key>isa</key>
			<string>PBXBuildFile</string>
		</dict>
		<key>94A4857A18F1FAB200775D5E</key>
		<dict>
			<key>fileRef</key>
			<string>94A4855C18F1FAB200775D5E</string>
			<key>isa</key>
			<string>PBXBuildFile</string>
		</dict>
		<key>94A4857B18F1FAB200775D5E</key>
		<dict>
			<key>fileRef</key>
			<string>94A4855D18F1FAB200775D5E</string>
			<key>isa</key>
			<string>PBXBuildFile</string>
		</dict>
		<key>94A4857C18F1FAB200775D5E</key>
		<dict>
			<key>fileRef</key>
			<string>94A4855E18F1FAB200775D5E</string>
			<key>isa</key>
			<string>PBXBuildFile</string>
		</dict>
		<key>94A4857D18F1FAB200775D5E</key>
		<dict>
			<key>fileRef</key>
			<string>94A4855F18F1FAB200775D5E</string>
			<key>isa</key>
			<string>PBXBuildFile</string>
		</dict>
		<key>94A4857E18F1FAB200775D5E</key>
		<dict>
			<key>fileRef</key>
			<string>94A4856018F1FAB200775D5E</string>
			<key>isa</key>
			<string>PBXBuildFile</string>
		</dict>
		<key>94A4857F18F1FAB200775D5E</key>
		<dict>
			<key>fileRef</key>
			<string>94A4856118F1FAB200775D5E</string>
			<key>isa</key>
			<string>PBXBuildFile</string>
		</dict>
		<key>94DD4B3535C64F03866AC1D4</key>
		<dict>
			<key>isa</key>
			<string>PBXFileReference</string>
			<key>lastKnownFileType</key>
			<string>wrapper.framework</string>
			<key>name</key>
			<string>MobileCoreServices.framework</string>
			<key>path</key>
			<string>System/Library/Frameworks/MobileCoreServices.framework</string>
			<key>sourceTree</key>
			<string>SDKROOT</string>
		</dict>
		<key>9655E4E4192650D7006C3A3B</key>
		<dict>
			<key>fileEncoding</key>
			<string>4</string>
			<key>isa</key>
			<string>PBXFileReference</string>
			<key>lastKnownFileType</key>
			<string>sourcecode.c.h</string>
			<key>path</key>
			<string>AAPLOverlayScene.h</string>
			<key>sourceTree</key>
			<string>&lt;group&gt;</string>
		</dict>
		<key>9655E4E5192650D7006C3A3B</key>
		<dict>
			<key>fileEncoding</key>
			<string>4</string>
			<key>isa</key>
			<string>PBXFileReference</string>
			<key>lastKnownFileType</key>
			<string>sourcecode.c.objc</string>
			<key>path</key>
			<string>AAPLOverlayScene.m</string>
			<key>sourceTree</key>
			<string>&lt;group&gt;</string>
		</dict>
		<key>9655E4E6192650D7006C3A3B</key>
		<dict>
			<key>fileRef</key>
			<string>9655E4E5192650D7006C3A3B</string>
			<key>isa</key>
			<string>PBXBuildFile</string>
		</dict>
		<key>9655E4E719265697006C3A3B</key>
		<dict>
			<key>isa</key>
			<string>PBXFileReference</string>
			<key>lastKnownFileType</key>
			<string>file</string>
			<key>path</key>
			<string>click.caf</string>
			<key>sourceTree</key>
			<string>&lt;group&gt;</string>
		</dict>
		<key>9655E4E819265809006C3A3B</key>
		<dict>
			<key>fileRef</key>
			<string>9655E4E719265697006C3A3B</string>
			<key>isa</key>
			<string>PBXBuildFile</string>
		</dict>
		<key>9C765F10193561FE00C1D23C</key>
		<dict>
			<key>isa</key>
			<string>PBXFileReference</string>
			<key>lastKnownFileType</key>
			<string>image.png</string>
			<key>path</key>
			<string>rc_car_texture.png</string>
			<key>sourceTree</key>
			<string>&lt;group&gt;</string>
		</dict>
		<key>9C765F11193561FE00C1D23C</key>
		<dict>
			<key>fileRef</key>
			<string>9C765F10193561FE00C1D23C</string>
			<key>isa</key>
			<string>PBXBuildFile</string>
		</dict>
		<key>9CF4337A19354D75001A1D66</key>
		<dict>
			<key>fileEncoding</key>
			<string>4</string>
			<key>isa</key>
			<string>PBXFileReference</string>
			<key>lastKnownFileType</key>
			<string>text.xml.dae</string>
			<key>path</key>
			<string>rc_car.dae</string>
			<key>sourceTree</key>
			<string>&lt;group&gt;</string>
		</dict>
		<key>9CF4337B19354D75001A1D66</key>
		<dict>
			<key>fileRef</key>
			<string>9CF4337A19354D75001A1D66</string>
			<key>isa</key>
			<string>PBXBuildFile</string>
		</dict>
		<key>A4852897C2304217946280D8</key>
		<dict>
			<key>fileRef</key>
			<string>2D2FC9E02DC741019290FECE</string>
			<key>isa</key>
			<string>PBXBuildFile</string>
		</dict>
		<key>BF40B7C534FB4B10BF2A2676</key>
		<dict>
			<key>fileRef</key>
			<string>15A1C955D5C341F68FC0E12E</string>
			<key>isa</key>
			<string>PBXBuildFile</string>
		</dict>
		<key>C14DB9115C4A46758EC2BB07</key>
		<dict>
			<key>includeInIndex</key>
			<string>1</string>
			<key>isa</key>
			<string>PBXFileReference</string>
			<key>lastKnownFileType</key>
			<string>archive.ar</string>
			<key>name</key>
			<string>libCIMLua.a</string>
			<key>path</key>
			<string>/Users/jean-luc/Library/Application Support/com.celedev.CodeFlow/iphoneos/libCIMLua.a</string>
			<key>sourceTree</key>
			<string>&lt;absolute&gt;</string>
		</dict>
		<key>DE14F810BFA240E3B6CFA7C5</key>
		<dict>
			<key>fileRef</key>
			<string>337285BF5D8E44A390806476</string>
			<key>isa</key>
			<string>PBXBuildFile</string>
		</dict>
		<key>E4D9081B4AEE49C2BAD00562</key>
		<dict>
			<key>fileRef</key>
			<string>C14DB9115C4A46758EC2BB07</string>
			<key>isa</key>
			<string>PBXBuildFile</string>
		</dict>
		<key>ED3A25A5B567450D91D7E8C3</key>
		<dict>
			<key>fileRef</key>
			<string>615B563BD17F4918934BADFB</string>
			<key>isa</key>
			<string>PBXBuildFile</string>
		</dict>
		<key>FDBA6B70198BFB6200BC2713</key>
		<dict>
			<key>containerPortal</key>
			<string>9461830A18F08C1D00FDFE48</string>
			<key>isa</key>
			<string>PBXContainerItemProxy</string>
			<key>proxyType</key>
			<string>1</string>
			<key>remoteGlobalIDString</key>
			<string>9461831118F08C1D00FDFE48</string>
			<key>remoteInfo</key>
			<string>SceneKitVehicle</string>
		</dict>
		<key>FDBA6B71198BFB6200BC2713</key>
		<dict>
			<key>isa</key>
			<string>PBXTargetDependency</string>
			<key>target</key>
			<string>9461831118F08C1D00FDFE48</string>
			<key>targetProxy</key>
			<string>FDBA6B70198BFB6200BC2713</string>
		</dict>
		<key>FF1BBA342BA74129A0BBCD85</key>
		<dict>
			<key>fileRef</key>
			<string>584038A27C7C4E46A68C9658</string>
			<key>isa</key>
			<string>PBXBuildFile</string>
		</dict>
	</dict>
	<key>rootObject</key>
	<string>9461830A18F08C1D00FDFE48</string>
</dict>
</plist>
